
Microsoft Visual Studio Solution File, Format Version 12.00
# Visual Studio 15
VisualStudioVersion = 15.0.27130.2010
MinimumVisualStudioVersion = 10.0.40219.1
Project("{FAE04EC0-301F-11D3-BF4B-00C04F79EFBC}") = "WebAPI_J", "WebAPI_J\WebAPI_J.csproj", "{0BD9FE88-FC4F-40D4-95D5-A9FAEEAA827B}"
EndProject
Global
	GlobalSection(SolutionConfigurationPlatforms) = preSolution
		Debug|Any CPU = Debug|Any CPU
		Release|Any CPU = Release|Any CPU
	EndGlobalSection
	GlobalSection(ProjectConfigurationPlatforms) = postSolution
		{0BD9FE88-FC4F-40D4-95D5-A9FAEEAA827B}.Debug|Any CPU.ActiveCfg = Debug|Any CPU
		{0BD9FE88-FC4F-40D4-95D5-A9FAEEAA827B}.Debug|Any CPU.Build.0 = Debug|Any CPU
		{0BD9FE88-FC4F-40D4-95D5-A9FAEEAA827B}.Release|Any CPU.ActiveCfg = Release|Any CPU
		{0BD9FE88-FC4F-40D4-95D5-A9FAEEAA827B}.Release|Any CPU.Build.0 = Release|Any CPU
	EndGlobalSection
	GlobalSection(SolutionProperties) = preSolution
		HideSolutionNode = FALSE
	EndGlobalSection
	GlobalSection(ExtensibilityGlobals) = postSolution
		SolutionGuid = {03C04286-F4F3-4EAD-A8D6-FA4A60F6AA7A}
	EndGlobalSection
EndGlobal
